
Microsoft Visual Studio Solution File, Format Version 12.00
# Visual Studio Version 17
VisualStudioVersion = 17.14.36202.13 d17.14
MinimumVisualStudioVersion = 10.0.40219.1
Project("{FAE04EC0-301F-11D3-BF4B-00C04F79EFBC}") = "advertiseManegement", "advertiseManegement.csproj", "{350AD709-2E92-48C7-A12D-84CBE8EF3133}"
EndProject
Global
	GlobalSection(SolutionConfigurationPlatforms) = preSolution
		Debug|Any CPU = Debug|Any CPU
		Release|Any CPU = Release|Any CPU
	EndGlobalSection
	GlobalSection(ProjectConfigurationPlatforms) = postSolution
		{350AD709-2E92-48C7-A12D-84CBE8EF3133}.Debug|Any CPU.ActiveCfg = Debug|Any CPU
		{350AD709-2E92-48C7-A12D-84CBE8EF3133}.Debug|Any CPU.Build.0 = Debug|Any CPU
		{350AD709-2E92-48C7-A12D-84CBE8EF3133}.Release|Any CPU.ActiveCfg = Release|Any CPU
		{350AD709-2E92-48C7-A12D-84CBE8EF3133}.Release|Any CPU.Build.0 = Release|Any CPU
	EndGlobalSection
	GlobalSection(SolutionProperties) = preSolution
		HideSolutionNode = FALSE
	EndGlobalSection
	GlobalSection(ExtensibilityGlobals) = postSolution
		SolutionGuid = {133F9CBE-9DB0-4682-8FB1-2BCB7DFA124E}
	EndGlobalSection
EndGlobal
